{
  "requires": true,
  "lockfileVersion": 1,
  "dependencies": {
    "todomvc-app-css": {
      "version": "2.4.1",
      "resolved": "https://registry.nlark.com/todomvc-app-css/download/todomvc-app-css-2.4.1.tgz",
      "integrity": "sha1-Uot+QKLYLgHSdWMzyKw04jt1D/g="
    },
    "todomvc-common": {
      "version": "1.0.5",
      "resolved": "https://registry.nlark.com/todomvc-common/download/todomvc-common-1.0.5.tgz",
      "integrity": "sha1-jD55msnx/BVz4MIE+YRRCCaRRzA="
    }
  }
}
